// !$*UTF8*$!
{
	archiveVersion = 1;
	classes = {
	};
	objectVersion = 46;
	objects = {

/* Begin PBXBuildFile section */
		3A91084719CFD90D00B3B390 /* main.m in Sources */ = {isa = PBXBuildFile; fileRef = 3A91084619CFD90D00B3B390 /* main.m */; };
		3A91084A19CFD90D00B3B390 /* AppDelegate.m in Sources */ = {isa = PBXBuildFile; fileRef = 3A91084919CFD90D00B3B390 /* AppDelegate.m */; };
		3A91084D19CFD90D00B3B390 /* ViewController.m in Sources */ = {isa = PBXBuildFile; fileRef = 3A91084C19CFD90D00B3B390 /* ViewController.m */; };
		3A91085019CFD90D00B3B390 /* Main.storyboard in Resources */ = {isa = PBXBuildFile; fileRef = 3A91084E19CFD90D00B3B390 /* Main.storyboard */; };
		3A91085219CFD90D00B3B390 /* Images.xcassets in Resources */ = {isa = PBXBuildFile; fileRef = 3A91085119CFD90D00B3B390 /* Images.xcassets */; };
		3A91085519CFD90D00B3B390 /* LaunchScreen.xib in Resources */ = {isa = PBXBuildFile; fileRef = 3A91085319CFD90D00B3B390 /* LaunchScreen.xib */; };
		3A91086119CFD90D00B3B390 /* BlrrdTests.m in Sources */ = {isa = PBXBuildFile; fileRef = 3A91086019CFD90D00B3B390 /* BlrrdTests.m */; };
		E5F81A10200B4097912BB940 /* libPods-Blrrd.a in Frameworks */ = {isa = PBXBuildFile; fileRef = 6E9DC37C6E6AA486E8D701A7 /* libPods-Blrrd.a */; };
/* End PBXBuildFile section */

/* Begin PBXContainerItemProxy section */
		3A91085B19CFD90D00B3B390 /* PBXContainerItemProxy */ = {
			isa = PBXContainerItemProxy;
			containerPortal = 3A91083919CFD90D00B3B390 /* Project object */;
			proxyType = 1;
			remoteGlobalIDString = 3A91084019CFD90D00B3B390;
			remoteInfo = Blrrd;
		};
/* End PBXContainerItemProxy section */

/* Begin PBXFileReference section */
		25BE1F7C88C51DA76B380880 /* Pods-Blrrd.release.xcconfig */ = {isa = PBXFileReference; includeInIndex = 1; lastKnownFileType = text.xcconfig; name = "Pods-Blrrd.release.xcconfig"; path = "Pods/Target Support Files/Pods-Blrrd/Pods-Blrrd.release.xcconfig"; sourceTree = "<group>"; };
		3A91084119CFD90D00B3B390 /* Blrrd.app */ = {isa = PBXFileReference; explicitFileType = wrapper.application; includeInIndex = 0; path = Blrrd.app; sourceTree = BUILT_PRODUCTS_DIR; };
		3A91084519CFD90D00B3B390 /* Info.plist */ = {isa = PBXFileReference; lastKnownFileType = text.plist.xml; path = Info.plist; sourceTree = "<group>"; };
		3A91084619CFD90D00B3B390 /* main.m */ = {isa = PBXFileReference; lastKnownFileType = sourcecode.c.objc; path = main.m; sourceTree = "<group>"; };
		3A91084819CFD90D00B3B390 /* AppDelegate.h */ = {isa = PBXFileReference; lastKnownFileType = sourcecode.c.h; path = AppDelegate.h; sourceTree = "<group>"; };
		3A91084919CFD90D00B3B390 /* AppDelegate.m */ = {isa = PBXFileReference; lastKnownFileType = sourcecode.c.objc; path = AppDelegate.m; sourceTree = "<group>"; };
		3A91084B19CFD90D00B3B390 /* ViewController.h */ = {isa = PBXFileReference; lastKnownFileType = sourcecode.c.h; path = ViewController.h; sourceTree = "<group>"; };
		3A91084C19CFD90D00B3B390 /* ViewController.m */ = {isa = PBXFileReference; lastKnownFileType = sourcecode.c.objc; path = ViewController.m; sourceTree = "<group>"; };
		3A91084F19CFD90D00B3B390 /* Base */ = {isa = PBXFileReference; lastKnownFileType = file.storyboard; name = Base; path = Base.lproj/Main.storyboard; sourceTree = "<group>"; };
		3A91085119CFD90D00B3B390 /* Images.xcassets */ = {isa = PBXFileReference; lastKnownFileType = folder.assetcatalog; path = Images.xcassets; sourceTree = "<group>"; };
		3A91085419CFD90D00B3B390 /* Base */ = {isa = PBXFileReference; lastKnownFileType = file.xib; name = Base; path = Base.lproj/LaunchScreen.xib; sourceTree = "<group>"; };
		3A91085A19CFD90D00B3B390 /* BlrrdTests.xctest */ = {isa = PBXFileReference; explicitFileType = wrapper.cfbundle; includeInIndex = 0; path = BlrrdTests.xctest; sourceTree = BUILT_PRODUCTS_DIR; };
		3A91085F19CFD90D00B3B390 /* Info.plist */ = {isa = PBXFileReference; lastKnownFileType = text.plist.xml; path = Info.plist; sourceTree = "<group>"; };
		3A91086019CFD90D00B3B390 /* BlrrdTests.m */ = {isa = PBXFileReference; lastKnownFileType = sourcecode.c.objc; path = BlrrdTests.m; sourceTree = "<group>"; };
		3BEF131A69B6E3FB1D7E0ABB /* Pods-Blrrd.debug.xcconfig */ = {isa = PBXFileReference; includeInIndex = 1; lastKnownFileType = text.xcconfig; name = "Pods-Blrrd.debug.xcconfig"; path = "Pods/Target Support Files/Pods-Blrrd/Pods-Blrrd.debug.xcconfig"; sourceTree = "<group>"; };
		6E9DC37C6E6AA486E8D701A7 /* libPods-Blrrd.a */ = {isa = PBXFileReference; explicitFileType = archive.ar; includeInIndex = 0; path = "libPods-Blrrd.a"; sourceTree = BUILT_PRODUCTS_DIR; };
/* End PBXFileReference section */

/* Begin PBXFrameworksBuildPhase section */
		3A91083E19CFD90D00B3B390 /* Frameworks */ = {
			isa = PBXFrameworksBuildPhase;
			buildActionMask = 2147483647;
			files = (
				E5F81A10200B4097912BB940 /* libPods-Blrrd.a in Frameworks */,
			);
			runOnlyForDeploymentPostprocessing = 0;
		};
		3A91085719CFD90D00B3B390 /* Frameworks */ = {
			isa = PBXFrameworksBuildPhase;
			buildActionMask = 2147483647;
			files = (
			);
			runOnlyForDeploymentPostprocessing = 0;
		};
/* End PBXFrameworksBuildPhase section */

/* Begin PBXGroup section */
		128B5F3342B13282DC38FEB2 /* Pods */ = {
			isa = PBXGroup;
			children = (
				3BEF131A69B6E3FB1D7E0ABB /* Pods-Blrrd.debug.xcconfig */,
				25BE1F7C88C51DA76B380880 /* Pods-Blrrd.release.xcconfig */,
			);
			name = Pods;
			sourceTree = "<group>";
		};
		3A25B6041AE259BD00857F67 /* Frameworks */ = {
			isa = PBXGroup;
			children = (
			);
			name = Frameworks;
			sourceTree = "<group>";
		};
		3A91083819CFD90D00B3B390 = {
			isa = PBXGroup;
			children = (
				3A91084319CFD90D00B3B390 /* Blrrd */,
				3A91085D19CFD90D00B3B390 /* BlrrdTests */,
				3A91084219CFD90D00B3B390 /* Products */,
				128B5F3342B13282DC38FEB2 /* Pods */,
				4C66EB2B8690022E6C9DAA75 /* Frameworks */,
			);
			sourceTree = "<group>";
		};
		3A91084219CFD90D00B3B390 /* Products */ = {
			isa = PBXGroup;
			children = (
				3A91084119CFD90D00B3B390 /* Blrrd.app */,
				3A91085A19CFD90D00B3B390 /* BlrrdTests.xctest */,
			);
			name = Products;
			sourceTree = "<group>";
		};
		3A91084319CFD90D00B3B390 /* Blrrd */ = {
			isa = PBXGroup;
			children = (
				3A91084819CFD90D00B3B390 /* AppDelegate.h */,
				3A91084919CFD90D00B3B390 /* AppDelegate.m */,
				3A91084B19CFD90D00B3B390 /* ViewController.h */,
				3A91084C19CFD90D00B3B390 /* ViewController.m */,
				3A91084E19CFD90D00B3B390 /* Main.storyboard */,
				3A91085119CFD90D00B3B390 /* Images.xcassets */,
				3A91085319CFD90D00B3B390 /* LaunchScreen.xib */,
				3A25B6041AE259BD00857F67 /* Frameworks */,
				3A91084419CFD90D00B3B390 /* Supporting Files */,
			);
			path = Blrrd;
			sourceTree = "<group>";
		};
		3A91084419CFD90D00B3B390 /* Supporting Files */ = {
			isa = PBXGroup;
			children = (
				3A91084519CFD90D00B3B390 /* Info.plist */,
				3A91084619CFD90D00B3B390 /* main.m */,
			);
			name = "Supporting Files";
			sourceTree = "<group>";
		};
		3A91085D19CFD90D00B3B390 /* BlrrdTests */ = {
			isa = PBXGroup;
			children = (
				3A91086019CFD90D00B3B390 /* BlrrdTests.m */,
				3A91085E19CFD90D00B3B390 /* Supporting Files */,
			);
			path = BlrrdTests;
			sourceTree = "<group>";
		};
		3A91085E19CFD90D00B3B390 /* Supporting Files */ = {
			isa = PBXGroup;
			children = (
				3A91085F19CFD90D00B3B390 /* Info.plist */,
			);
			name = "Supporting Files";
			sourceTree = "<group>";
		};
		4C66EB2B8690022E6C9DAA75 /* Frameworks */ = {
			isa = PBXGroup;
			children = (
				6E9DC37C6E6AA486E8D701A7 /* libPods-Blrrd.a */,
			);
			name = Frameworks;
			sourceTree = "<group>";
		};
/* End PBXGroup section */

/* Begin PBXNativeTarget section */
		3A91084019CFD90D00B3B390 /* Blrrd */ = {
			isa = PBXNativeTarget;
			buildConfigurationList = 3A91086419CFD90D00B3B390 /* Build configuration list for PBXNativeTarget "Blrrd" */;
			buildPhases = (
				3012B7EB7E3C1E1BF260B7C3 /* Check Pods Manifest.lock */,
				3A91083D19CFD90D00B3B390 /* Sources */,
				3A91083E19CFD90D00B3B390 /* Frameworks */,
				3A91083F19CFD90D00B3B390 /* Resources */,
				398F4590BED23FE9212C4FC1 /* Copy Pods Resources */,
			);
			buildRules = (
			);
			dependencies = (
			);
			name = Blrrd;
			productName = Blrrd;
			productReference = 3A91084119CFD90D00B3B390 /* Blrrd.app */;
			productType = "com.apple.product-type.application";
		};
		3A91085919CFD90D00B3B390 /* BlrrdTests */ = {
			isa = PBXNativeTarget;
			buildConfigurationList = 3A91086719CFD90D00B3B390 /* Build configuration list for PBXNativeTarget "BlrrdTests" */;
			buildPhases = (
				3A91085619CFD90D00B3B390 /* Sources */,
				3A91085719CFD90D00B3B390 /* Frameworks */,
				3A91085819CFD90D00B3B390 /* Resources */,
			);
			buildRules = (
			);
			dependencies = (
				3A91085C19CFD90D00B3B390 /* PBXTargetDependency */,
			);
			name = BlrrdTests;
			productName = BlrrdTests;
			productReference = 3A91085A19CFD90D00B3B390 /* BlrrdTests.xctest */;
			productType = "com.apple.product-type.bundle.unit-test";
		};
/* End PBXNativeTarget section */

/* Begin PBXProject section */
		3A91083919CFD90D00B3B390 /* Project object */ = {
			isa = PBXProject;
			attributes = {
				LastUpgradeCheck = 0600;
				ORGANIZATIONNAME = "Sam Sheffres";
				TargetAttributes = {
					3A91084019CFD90D00B3B390 = {
						CreatedOnToolsVersion = 6.0.1;
						DevelopmentTeam = 8TH326998K;
					};
					3A91085919CFD90D00B3B390 = {
						CreatedOnToolsVersion = 6.0.1;
						TestTargetID = 3A91084019CFD90D00B3B390;
					};
				};
			};
			buildConfigurationList = 3A91083C19CFD90D00B3B390 /* Build configuration list for PBXProject "Blrrd" */;
			compatibilityVersion = "Xcode 3.2";
			developmentRegion = English;
			hasScannedForEncodings = 0;
			knownRegions = (
				en,
				Base,
			);
			mainGroup = 3A91083819CFD90D00B3B390;
			productRefGroup = 3A91084219CFD90D00B3B390 /* Products */;
			projectDirPath = "";
			projectRoot = "";
			targets = (
				3A91084019CFD90D00B3B390 /* Blrrd */,
				3A91085919CFD90D00B3B390 /* BlrrdTests */,
			);
		};
/* End PBXProject section */

/* Begin PBXResourcesBuildPhase section */
		3A91083F19CFD90D00B3B390 /* Resources */ = {
			isa = PBXResourcesBuildPhase;
			buildActionMask = 2147483647;
			files = (
				3A91085019CFD90D00B3B390 /* Main.storyboard in Resources */,
				3A91085519CFD90D00B3B390 /* LaunchScreen.xib in Resources */,
				3A91085219CFD90D00B3B390 /* Images.xcassets in Resources */,
			);
			runOnlyForDeploymentPostprocessing = 0;
		};
		3A91085819CFD90D00B3B390 /* Resources */ = {
			isa = PBXResourcesBuildPhase;
			buildActionMask = 2147483647;
			files = (
			);
			runOnlyForDeploymentPostprocessing = 0;
		};
/* End PBXResourcesBuildPhase section */

/* Begin PBXShellScriptBuildPhase section */
		3012B7EB7E3C1E1BF260B7C3 /* Check Pods Manifest.lock */ = {
			isa = PBXShellScriptBuildPhase;
			buildActionMask = 2147483647;
			files = (
			);
			inputPaths = (
			);
			name = "Check Pods Manifest.lock";
			outputPaths = (
			);
			runOnlyForDeploymentPostprocessing = 0;
			shellPath = /bin/sh;
			shellScript = "diff \"${PODS_ROOT}/../Podfile.lock\" \"${PODS_ROOT}/Manifest.lock\" > /dev/null\nif [[ $? != 0 ]] ; then\n    cat << EOM\nerror: The sandbox is not in sync with the Podfile.lock. Run 'pod install' or update your CocoaPods installation.\nEOM\n    exit 1\nfi\n";
			showEnvVarsInLog = 0;
		};
		398F4590BED23FE9212C4FC1 /* Copy Pods Resources */ = {
			isa = PBXShellScriptBuildPhase;
			buildActionMask = 2147483647;
			files = (
			);
			inputPaths = (
			);
			name = "Copy Pods Resources";
			outputPaths = (
			);
			runOnlyForDeploymentPostprocessing = 0;
			shellPath = /bin/sh;
			shellScript = "\"${SRCROOT}/Pods/Target Support Files/Pods-Blrrd/Pods-Blrrd-resources.sh\"\n";
			showEnvVarsInLog = 0;
		};
/* End PBXShellScriptBuildPhase section */

/* Begin PBXSourcesBuildPhase section */
		3A91083D19CFD90D00B3B390 /* Sources */ = {
			isa = PBXSourcesBuildPhase;
			buildActionMask = 2147483647;
			files = (
				3A91084D19CFD90D00B3B390 /* ViewController.m in Sources */,
				3A91084A19CFD90D00B3B390 /* AppDelegate.m in Sources */,
				3A91084719CFD90D00B3B390 /* main.m in Sources */,
			);
			runOnlyForDeploymentPostprocessing = 0;
		};
		3A91085619CFD90D00B3B390 /* Sources */ = {
			isa = PBXSourcesBuildPhase;
			buildActionMask = 2147483647;
			files = (
				3A91086119CFD90D00B3B390 /* BlrrdTests.m in Sources */,
			);
			runOnlyForDeploymentPostprocessing = 0;
		};
/* End PBXSourcesBuildPhase section */

/* Begin PBXTargetDependency section */
		3A91085C19CFD90D00B3B390 /* PBXTargetDependency */ = {
			isa = PBXTargetDependency;
			target = 3A91084019CFD90D00B3B390 /* Blrrd */;
			targetProxy = 3A91085B19CFD90D00B3B390 /* PBXContainerItemProxy */;
		};
/* End PBXTargetDependency section */

/* Begin PBXVariantGroup section */
		3A91084E19CFD90D00B3B390 /* Main.storyboard */ = {
			isa = PBXVariantGroup;
			children = (
				3A91084F19CFD90D00B3B390 /* Base */,
			);
			name = Main.storyboard;
			sourceTree = "<group>";
		};
		3A91085319CFD90D00B3B390 /* LaunchScreen.xib */ = {
			isa = PBXVariantGroup;
			children = (
				3A91085419CFD90D00B3B390 /* Base */,
			);
			name = LaunchScreen.xib;
			sourceTree = "<group>";
		};
/* End PBXVariantGroup section */

/* Begin XCBuildConfiguration section */
		3A91086219CFD90D00B3B390 /* Debug */ = {
			isa = XCBuildConfiguration;
			buildSettings = {
				ALWAYS_SEARCH_USER_PATHS = NO;
				CLANG_CXX_LANGUAGE_STANDARD = "gnu++0x";
				CLANG_CXX_LIBRARY = "libc++";
				CLANG_ENABLE_MODULES = YES;
				CLANG_ENABLE_OBJC_ARC = YES;
				CLANG_WARN_BOOL_CONVERSION = YES;
				CLANG_WARN_CONSTANT_CONVERSION = YES;
				CLANG_WARN_DIRECT_OBJC_ISA_USAGE = YES_ERROR;
				CLANG_WARN_EMPTY_BODY = YES;
				CLANG_WARN_ENUM_CONVERSION = YES;
				CLANG_WARN_INT_CONVERSION = YES;
				CLANG_WARN_OBJC_ROOT_CLASS = YES_ERROR;
				CLANG_WARN_UNREACHABLE_CODE = YES;
				CLANG_WARN__DUPLICATE_METHOD_MATCH = YES;
				"CODE_SIGN_IDENTITY[sdk=iphoneos*]" = "iPhone Developer";
				COPY_PHASE_STRIP = NO;
				ENABLE_STRICT_OBJC_MSGSEND = YES;
				GCC_C_LANGUAGE_STANDARD = gnu99;
				GCC_DYNAMIC_NO_PIC = NO;
				GCC_OPTIMIZATION_LEVEL = 0;
				GCC_PREPROCESSOR_DEFINITIONS = (
					"DEBUG=1",
					"$(inherited)",
				);
				GCC_SYMBOLS_PRIVATE_EXTERN = NO;
				GCC_WARN_64_TO_32_BIT_CONVERSION = YES;
				GCC_WARN_ABOUT_RETURN_TYPE = YES_ERROR;
				GCC_WARN_UNDECLARED_SELECTOR = YES;
				GCC_WARN_UNINITIALIZED_AUTOS = YES_AGGRESSIVE;
				GCC_WARN_UNUSED_FUNCTION = YES;
				GCC_WARN_UNUSED_VARIABLE = YES;
				IPHONEOS_DEPLOYMENT_TARGET = 8.0;
				MTL_ENABLE_DEBUG_INFO = YES;
				ONLY_ACTIVE_ARCH = YES;
				SDKROOT = iphoneos;
			};
			name = Debug;
		};
		3A91086319CFD90D00B3B390 /* Release */ = {
			isa = XCBuildConfiguration;
			buildSettings = {
				ALWAYS_SEARCH_USER_PATHS = NO;
				CLANG_CXX_LANGUAGE_STANDARD = "gnu++0x";
				CLANG_CXX_LIBRARY = "libc++";
				CLANG_ENABLE_MODULES = YES;
				CLANG_ENABLE_OBJC_ARC = YES;
				CLANG_WARN_BOOL_CONVERSION = YES;
				CLANG_WARN_CONSTANT_CONVERSION = YES;
				CLANG_WARN_DIRECT_OBJC_ISA_USAGE = YES_ERROR;
				CLANG_WARN_EMPTY_BODY = YES;
				CLANG_WARN_ENUM_CONVERSION = YES;
				CLANG_WARN_INT_CONVERSION = YES;
				CLANG_WARN_OBJC_ROOT_CLASS = YES_ERROR;
				CLANG_WARN_UNREACHABLE_CODE = YES;
				CLANG_WARN__DUPLICATE_METHOD_MATCH = YES;
				"CODE_SIGN_IDENTITY[sdk=iphoneos*]" = "iPhone Developer";
				COPY_PHASE_STRIP = YES;
				ENABLE_NS_ASSERTIONS = NO;
				ENABLE_STRICT_OBJC_MSGSEND = YES;
				GCC_C_LANGUAGE_STANDARD = gnu99;
				GCC_WARN_64_TO_32_BIT_CONVERSION = YES;
				GCC_WARN_ABOUT_RETURN_TYPE = YES_ERROR;
				GCC_WARN_UNDECLARED_SELECTOR = YES;
				GCC_WARN_UNINITIALIZED_AUTOS = YES_AGGRESSIVE;
				GCC_WARN_UNUSED_FUNCTION = YES;
				GCC_WARN_UNUSED_VARIABLE = YES;
				IPHONEOS_DEPLOYMENT_TARGET = 8.0;
				MTL_ENABLE_DEBUG_INFO = NO;
				SDKROOT = iphoneos;
				VALIDATE_PRODUCT = YES;
			};
			name = Release;
		};
		3A91086519CFD90D00B3B390 /* Debug */ = {
			isa = XCBuildConfiguration;
			baseConfigurationReference = 3BEF131A69B6E3FB1D7E0ABB /* Pods-Blrrd.debug.xcconfig */;
			buildSettings = {
				ASSETCATALOG_COMPILER_APPICON_NAME = AppIcon;
				CODE_SIGN_IDENTITY = "iPhone Developer";
				FRAMEWORK_SEARCH_PATHS = (
					"$(inherited)",
					"$(PROJECT_DIR)/Blrrd",
				);
				INFOPLIST_FILE = Blrrd/Info.plist;
				IPHONEOS_DEPLOYMENT_TARGET = 8.0;
				LD_RUNPATH_SEARCH_PATHS = "$(inherited) @executable_path/Frameworks";
				PRODUCT_NAME = "$(TARGET_NAME)";
				TARGETED_DEVICE_FAMILY = 1;
			};
			name = Debug;
		};
		3A91086619CFD90D00B3B390 /* Release */ = {
			isa = XCBuildConfiguration;
			baseConfigurationReference = 25BE1F7C88C51DA76B380880 /* Pods-Blrrd.release.xcconfig */;
			buildSettings = {
				ASSETCATALOG_COMPILER_APPICON_NAME = AppIcon;
				CODE_SIGN_IDENTITY = "iPhone Developer";
				FRAMEWORK_SEARCH_PATHS = (
					"$(inherited)",
					"$(PROJECT_DIR)/Blrrd",
				);
				INFOPLIST_FILE = Blrrd/Info.plist;
				IPHONEOS_DEPLOYMENT_TARGET = 8.0;
				LD_RUNPATH_SEARCH_PATHS = "$(inherited) @executable_path/Frameworks";
				PRODUCT_NAME = "$(TARGET_NAME)";
				TARGETED_DEVICE_FAMILY = 1;
			};
			name = Release;
		};
		3A91086819CFD90D00B3B390 /* Debug */ = {
			isa = XCBuildConfiguration;
			buildSettings = {
				BUNDLE_LOADER = "$(TEST_HOST)";
				FRAMEWORK_SEARCH_PATHS = (
					"$(SDKROOT)/Developer/Library/Frameworks",
					"$(inherited)",
				);
				GCC_PREPROCESSOR_DEFINITIONS = (
					"DEBUG=1",
					"$(inherited)",
				);
				INFOPLIST_FILE = BlrrdTests/Info.plist;
				LD_RUNPATH_SEARCH_PATHS = "$(inherited) @executable_path/Frameworks @loader_path/Frameworks";
				PRODUCT_NAME = "$(TARGET_NAME)";
				TEST_HOST = "$(BUILT_PRODUCTS_DIR)/Blrrd.app/Blrrd";
			};
			name = Debug;
		};
		3A91086919CFD90D00B3B390 /* Release */ = {
			isa = XCBuildConfiguration;
			buildSettings = {
				BUNDLE_LOADER = "$(TEST_HOST)";
				FRAMEWORK_SEARCH_PATHS = (
					"$(SDKROOT)/Developer/Library/Frameworks",
					"$(inherited)",
				);
				INFOPLIST_FILE = BlrrdTests/Info.plist;
				LD_RUNPATH_SEARCH_PATHS = "$(inherited) @executable_path/Frameworks @loader_path/Frameworks";
				PRODUCT_NAME = "$(TARGET_NAME)";
				TEST_HOST = "$(BUILT_PRODUCTS_DIR)/Blrrd.app/Blrrd";
			};
			name = Release;
		};
/* End XCBuildConfiguration section */

/* Begin XCConfigurationList section */
		3A91083C19CFD90D00B3B390 /* Build configuration list for PBXProject "Blrrd" */ = {
			isa = XCConfigurationList;
			buildConfigurations = (
				3A91086219CFD90D00B3B390 /* Debug */,
				3A91086319CFD90D00B3B390 /* Release */,
			);
			defaultConfigurationIsVisible = 0;
			defaultConfigurationName = Release;
		};
		3A91086419CFD90D00B3B390 /* Build configuration list for PBXNativeTarget "Blrrd" */ = {
			isa = XCConfigurationList;
			buildConfigurations = (
				3A91086519CFD90D00B3B390 /* Debug */,
				3A91086619CFD90D00B3B390 /* Release */,
			);
			defaultConfigurationIsVisible = 0;
			defaultConfigurationName = Release;
		};
		3A91086719CFD90D00B3B390 /* Build configuration list for PBXNativeTarget "BlrrdTests" */ = {
			isa = XCConfigurationList;
			buildConfigurations = (
				3A91086819CFD90D00B3B390 /* Debug */,
				3A91086919CFD90D00B3B390 /* Release */,
			);
			defaultConfigurationIsVisible = 0;
			defaultConfigurationName = Release;
		};
/* End XCConfigurationList section */
	};
	rootObject = 3A91083919CFD90D00B3B390 /* Project object */;
}
